
Microsoft Visual Studio Solution File, Format Version 12.00
Project("{FAE04EC0-301F-11D3-BF4B-00C04F79EFBC}") = "Alicunde.PruebaTecnica.Controllers", "Alicunde.PruebaTecnica.Controllers\Alicunde.PruebaTecnica.Controllers.csproj", "{56418F5D-ACE8-4C75-B8E1-C58622E03EFE}"
EndProject
Project("{FAE04EC0-301F-11D3-BF4B-00C04F79EFBC}") = "Alicunde.PruebaTecnica.Services", "Alicunde.PruebaTecnica.Services\Alicunde.PruebaTecnica.Services.csproj", "{DE2350AB-77BC-4BBD-8E25-38392FA9BC5C}"
EndProject
Project("{FAE04EC0-301F-11D3-BF4B-00C04F79EFBC}") = "Alicunde.PruebaTecnica.Database", "Alicunde.PruebaTecnica.Database\Alicunde.PruebaTecnica.Database.csproj", "{599F73D9-CA54-4C49-85F0-B60E9EA3DB6A}"
EndProject
Global
	GlobalSection(SolutionConfigurationPlatforms) = preSolution
		Debug|Any CPU = Debug|Any CPU
		Release|Any CPU = Release|Any CPU
	EndGlobalSection
	GlobalSection(ProjectConfigurationPlatforms) = postSolution
		{56418F5D-ACE8-4C75-B8E1-C58622E03EFE}.Debug|Any CPU.ActiveCfg = Debug|Any CPU
		{56418F5D-ACE8-4C75-B8E1-C58622E03EFE}.Debug|Any CPU.Build.0 = Debug|Any CPU
		{56418F5D-ACE8-4C75-B8E1-C58622E03EFE}.Release|Any CPU.ActiveCfg = Release|Any CPU
		{56418F5D-ACE8-4C75-B8E1-C58622E03EFE}.Release|Any CPU.Build.0 = Release|Any CPU
		{DE2350AB-77BC-4BBD-8E25-38392FA9BC5C}.Debug|Any CPU.ActiveCfg = Debug|Any CPU
		{DE2350AB-77BC-4BBD-8E25-38392FA9BC5C}.Debug|Any CPU.Build.0 = Debug|Any CPU
		{DE2350AB-77BC-4BBD-8E25-38392FA9BC5C}.Release|Any CPU.ActiveCfg = Release|Any CPU
		{DE2350AB-77BC-4BBD-8E25-38392FA9BC5C}.Release|Any CPU.Build.0 = Release|Any CPU
		{599F73D9-CA54-4C49-85F0-B60E9EA3DB6A}.Debug|Any CPU.ActiveCfg = Debug|Any CPU
		{599F73D9-CA54-4C49-85F0-B60E9EA3DB6A}.Debug|Any CPU.Build.0 = Debug|Any CPU
		{599F73D9-CA54-4C49-85F0-B60E9EA3DB6A}.Release|Any CPU.ActiveCfg = Release|Any CPU
		{599F73D9-CA54-4C49-85F0-B60E9EA3DB6A}.Release|Any CPU.Build.0 = Release|Any CPU
	EndGlobalSection
EndGlobal
